
Microsoft Visual Studio Solution File, Format Version 12.00
# Visual Studio Version 17
VisualStudioVersion = 17.9.34728.123
MinimumVisualStudioVersion = 10.0.40219.1
Project("{FAE04EC0-301F-11D3-BF4B-00C04F79EFBC}") = "OrderService", "OrderService.csproj", "{438EF5AC-2727-46DD-A0E6-BC9CBAD3CB34}"
EndProject
Global
	GlobalSection(SolutionConfigurationPlatforms) = preSolution
		Debug|Any CPU = Debug|Any CPU
		Release|Any CPU = Release|Any CPU
	EndGlobalSection
	GlobalSection(ProjectConfigurationPlatforms) = postSolution
		{438EF5AC-2727-46DD-A0E6-BC9CBAD3CB34}.Debug|Any CPU.ActiveCfg = Debug|Any CPU
		{438EF5AC-2727-46DD-A0E6-BC9CBAD3CB34}.Debug|Any CPU.Build.0 = Debug|Any CPU
		{438EF5AC-2727-46DD-A0E6-BC9CBAD3CB34}.Release|Any CPU.ActiveCfg = Release|Any CPU
		{438EF5AC-2727-46DD-A0E6-BC9CBAD3CB34}.Release|Any CPU.Build.0 = Release|Any CPU
	EndGlobalSection
	GlobalSection(SolutionProperties) = preSolution
		HideSolutionNode = FALSE
	EndGlobalSection
	GlobalSection(ExtensibilityGlobals) = postSolution
		SolutionGuid = {9F7661CE-1EE4-4409-81AE-B19878B183C9}
	EndGlobalSection
EndGlobal
